
Microsoft Visual Studio Solution File, Format Version 12.00
# Visual Studio Version 16
VisualStudioVersion = 16.0.31829.152
MinimumVisualStudioVersion = 10.0.40219.1
Project("{FAE04EC0-301F-11D3-BF4B-00C04F79EFBC}") = "conversor Shapefile to GeoJSON", "conversor Shapefile to GeoJSON\conversor Shapefile to GeoJSON.csproj", "{9BC966E6-9758-4F0B-966B-86EE768EDA22}"
EndProject
Global
	GlobalSection(SolutionConfigurationPlatforms) = preSolution
		Debug|Any CPU = Debug|Any CPU
		Release|Any CPU = Release|Any CPU
	EndGlobalSection
	GlobalSection(ProjectConfigurationPlatforms) = postSolution
		{9BC966E6-9758-4F0B-966B-86EE768EDA22}.Debug|Any CPU.ActiveCfg = Debug|Any CPU
		{9BC966E6-9758-4F0B-966B-86EE768EDA22}.Debug|Any CPU.Build.0 = Debug|Any CPU
		{9BC966E6-9758-4F0B-966B-86EE768EDA22}.Release|Any CPU.ActiveCfg = Release|Any CPU
		{9BC966E6-9758-4F0B-966B-86EE768EDA22}.Release|Any CPU.Build.0 = Release|Any CPU
	EndGlobalSection
	GlobalSection(SolutionProperties) = preSolution
		HideSolutionNode = FALSE
	EndGlobalSection
	GlobalSection(ExtensibilityGlobals) = postSolution
		SolutionGuid = {CF035988-311B-49B9-9913-4AD85F1876DC}
	EndGlobalSection
EndGlobal
